# Generated by pub
# See http://pub.dartlang.org/doc/glossary.html#lockfile
packages:
  meta:
    description: meta
    source: hosted
    version: "0.8.7"
  path:
    description: path
    source: hosted
    version: "0.8.7"
  stack_trace:
    description: stack_trace
    source: hosted
    version: "0.8.7"
  unittest:
    description: unittest
    source: hosted
    version: "0.8.7"
