# Generated by pub
# See http://pub.dartlang.org/doc/glossary.html#lockfile
packages:
  meta:
    description: meta
    source: hosted
    version: "0.6.15+3"
  path:
    description: path
    source: hosted
    version: "0.6.15+3"
  stack_trace:
    description: stack_trace
    source: hosted
    version: "0.6.15+3"
  unittest:
    description: unittest
    source: hosted
    version: "0.6.15+3"
